
Microsoft Visual Studio Solution File, Format Version 12.00
# Visual Studio 15
VisualStudioVersion = 15.0.28307.779
MinimumVisualStudioVersion = 10.0.40219.1
Project("{FAE04EC0-301F-11D3-BF4B-00C04F79EFBC}") = "Tp2_Savino", "Tp2_Savino\Tp2_Savino.csproj", "{E2BD2136-85BC-4AEB-92CA-924718CFBD16}"
EndProject
Project("{FAE04EC0-301F-11D3-BF4B-00C04F79EFBC}") = "Negocio", "Negocio\Negocio.csproj", "{246089E8-5D5F-4C89-BEF9-3266B0DD8E7B}"
EndProject
Global
	GlobalSection(SolutionConfigurationPlatforms) = preSolution
		Debug|Any CPU = Debug|Any CPU
		Release|Any CPU = Release|Any CPU
	EndGlobalSection
	GlobalSection(ProjectConfigurationPlatforms) = postSolution
		{E2BD2136-85BC-4AEB-92CA-924718CFBD16}.Debug|Any CPU.ActiveCfg = Debug|Any CPU
		{E2BD2136-85BC-4AEB-92CA-924718CFBD16}.Debug|Any CPU.Build.0 = Debug|Any CPU
		{E2BD2136-85BC-4AEB-92CA-924718CFBD16}.Release|Any CPU.ActiveCfg = Release|Any CPU
		{E2BD2136-85BC-4AEB-92CA-924718CFBD16}.Release|Any CPU.Build.0 = Release|Any CPU
		{246089E8-5D5F-4C89-BEF9-3266B0DD8E7B}.Debug|Any CPU.ActiveCfg = Debug|Any CPU
		{246089E8-5D5F-4C89-BEF9-3266B0DD8E7B}.Debug|Any CPU.Build.0 = Debug|Any CPU
		{246089E8-5D5F-4C89-BEF9-3266B0DD8E7B}.Release|Any CPU.ActiveCfg = Release|Any CPU
		{246089E8-5D5F-4C89-BEF9-3266B0DD8E7B}.Release|Any CPU.Build.0 = Release|Any CPU
	EndGlobalSection
	GlobalSection(SolutionProperties) = preSolution
		HideSolutionNode = FALSE
	EndGlobalSection
	GlobalSection(ExtensibilityGlobals) = postSolution
		SolutionGuid = {13851F37-EB2E-4BEE-B019-F21320E0E79C}
	EndGlobalSection
EndGlobal
